
Microsoft Visual Studio Solution File, Format Version 12.00
# Visual Studio 15
VisualStudioVersion = 15.0.28307.779
MinimumVisualStudioVersion = 10.0.40219.1
Project("{FAE04EC0-301F-11D3-BF4B-00C04F79EFBC}") = "FJ_Mat", "FJ_Mat\FJ_Mat.csproj", "{FFDF4FDA-AF7E-4A32-A28E-F31E5C6F9940}"
EndProject
Project("{930C7802-8A8C-48F9-8165-68863BCCD9DD}") = "Mat.Installer", "Mat.Installer\Mat.Installer.wixproj", "{9D9A3CE3-3C76-41B8-BADD-70B65AE9758A}"
EndProject
Global
	GlobalSection(SolutionConfigurationPlatforms) = preSolution
		Debug|Any CPU = Debug|Any CPU
		Debug|x86 = Debug|x86
		Release|Any CPU = Release|Any CPU
		Release|x86 = Release|x86
	EndGlobalSection
	GlobalSection(ProjectConfigurationPlatforms) = postSolution
		{FFDF4FDA-AF7E-4A32-A28E-F31E5C6F9940}.Debug|Any CPU.ActiveCfg = Debug|Any CPU
		{FFDF4FDA-AF7E-4A32-A28E-F31E5C6F9940}.Debug|Any CPU.Build.0 = Debug|Any CPU
		{FFDF4FDA-AF7E-4A32-A28E-F31E5C6F9940}.Debug|x86.ActiveCfg = Debug|Any CPU
		{FFDF4FDA-AF7E-4A32-A28E-F31E5C6F9940}.Debug|x86.Build.0 = Debug|Any CPU
		{FFDF4FDA-AF7E-4A32-A28E-F31E5C6F9940}.Release|Any CPU.ActiveCfg = Release|Any CPU
		{FFDF4FDA-AF7E-4A32-A28E-F31E5C6F9940}.Release|Any CPU.Build.0 = Release|Any CPU
		{FFDF4FDA-AF7E-4A32-A28E-F31E5C6F9940}.Release|x86.ActiveCfg = Release|Any CPU
		{FFDF4FDA-AF7E-4A32-A28E-F31E5C6F9940}.Release|x86.Build.0 = Release|Any CPU
		{9D9A3CE3-3C76-41B8-BADD-70B65AE9758A}.Debug|Any CPU.ActiveCfg = Debug|x86
		{9D9A3CE3-3C76-41B8-BADD-70B65AE9758A}.Debug|x86.ActiveCfg = Debug|x86
		{9D9A3CE3-3C76-41B8-BADD-70B65AE9758A}.Debug|x86.Build.0 = Debug|x86
		{9D9A3CE3-3C76-41B8-BADD-70B65AE9758A}.Release|Any CPU.ActiveCfg = Release|x86
		{9D9A3CE3-3C76-41B8-BADD-70B65AE9758A}.Release|x86.ActiveCfg = Release|x86
		{9D9A3CE3-3C76-41B8-BADD-70B65AE9758A}.Release|x86.Build.0 = Release|x86
	EndGlobalSection
	GlobalSection(SolutionProperties) = preSolution
		HideSolutionNode = FALSE
	EndGlobalSection
	GlobalSection(ExtensibilityGlobals) = postSolution
		SolutionGuid = {DAF11B18-0BF9-415F-A6A7-C271803440ED}
	EndGlobalSection
EndGlobal
