
Microsoft Visual Studio Solution File, Format Version 12.00
# Visual Studio 15
VisualStudioVersion = 15.0.28307.779
MinimumVisualStudioVersion = 10.0.40219.1
Project("{FAE04EC0-301F-11D3-BF4B-00C04F79EFBC}") = "FJ_NumberObjects", "FJ_NumberObjects\FJ_NumberObjects.csproj", "{1A41348C-5630-4191-A06D-A24C6DE22E32}"
EndProject
Global
	GlobalSection(SolutionConfigurationPlatforms) = preSolution
		Debug|Any CPU = Debug|Any CPU
		Release|Any CPU = Release|Any CPU
	EndGlobalSection
	GlobalSection(ProjectConfigurationPlatforms) = postSolution
		{1A41348C-5630-4191-A06D-A24C6DE22E32}.Debug|Any CPU.ActiveCfg = Debug|Any CPU
		{1A41348C-5630-4191-A06D-A24C6DE22E32}.Debug|Any CPU.Build.0 = Debug|Any CPU
		{1A41348C-5630-4191-A06D-A24C6DE22E32}.Release|Any CPU.ActiveCfg = Release|Any CPU
		{1A41348C-5630-4191-A06D-A24C6DE22E32}.Release|Any CPU.Build.0 = Release|Any CPU
	EndGlobalSection
	GlobalSection(SolutionProperties) = preSolution
		HideSolutionNode = FALSE
	EndGlobalSection
	GlobalSection(ExtensibilityGlobals) = postSolution
		SolutionGuid = {74E99F04-AF29-487B-934C-AD9F4BCF3EE4}
	EndGlobalSection
EndGlobal
