
Microsoft Visual Studio Solution File, Format Version 12.00
# Visual Studio 15
VisualStudioVersion = 15.0.28307.779
MinimumVisualStudioVersion = 10.0.40219.1
Project("{FAE04EC0-301F-11D3-BF4B-00C04F79EFBC}") = "FJ_IterativeBoolDif", "FJ_IterativeBoolDif\FJ_IterativeBoolDif.csproj", "{99B537D5-73FF-437B-8C42-2EC07F07552D}"
EndProject
Global
	GlobalSection(SolutionConfigurationPlatforms) = preSolution
		Debug|Any CPU = Debug|Any CPU
		Release|Any CPU = Release|Any CPU
	EndGlobalSection
	GlobalSection(ProjectConfigurationPlatforms) = postSolution
		{99B537D5-73FF-437B-8C42-2EC07F07552D}.Debug|Any CPU.ActiveCfg = Debug|Any CPU
		{99B537D5-73FF-437B-8C42-2EC07F07552D}.Debug|Any CPU.Build.0 = Debug|Any CPU
		{99B537D5-73FF-437B-8C42-2EC07F07552D}.Release|Any CPU.ActiveCfg = Release|Any CPU
		{99B537D5-73FF-437B-8C42-2EC07F07552D}.Release|Any CPU.Build.0 = Release|Any CPU
	EndGlobalSection
	GlobalSection(SolutionProperties) = preSolution
		HideSolutionNode = FALSE
	EndGlobalSection
	GlobalSection(ExtensibilityGlobals) = postSolution
		SolutionGuid = {957031E6-F8F0-4650-887F-8F11B888FA80}
	EndGlobalSection
EndGlobal
